
Microsoft Visual Studio Solution File, Format Version 12.00
# Visual Studio 14
VisualStudioVersion = 14.0.25420.1
MinimumVisualStudioVersion = 10.0.40219.1
Project("{FAE04EC0-301F-11D3-BF4B-00C04F79EFBC}") = "Common", "Common\Common.csproj", "{1CB45F15-73C8-45DC-97D6-0FF6F6D858F5}"
EndProject
Project("{FAE04EC0-301F-11D3-BF4B-00C04F79EFBC}") = "DBUtility", "DBUtility\DBUtility.csproj", "{94B78EF4-3C51-4225-84F3-30EE3ADD5FDB}"
EndProject
Project("{FAE04EC0-301F-11D3-BF4B-00C04F79EFBC}") = "DAL", "DAL\DAL.csproj", "{D277A3C1-39E2-4611-8B90-ACE1E2CD2FC3}"
EndProject
Project("{FAE04EC0-301F-11D3-BF4B-00C04F79EFBC}") = "BLL", "BLL\BLL.csproj", "{D9597F84-A56A-45D5-A195-A045A8081CBB}"
EndProject
Project("{FAE04EC0-301F-11D3-BF4B-00C04F79EFBC}") = "Models", "Models\Models.csproj", "{269ABE80-08B2-47AB-884F-C28A420044E9}"
EndProject
Project("{FAE04EC0-301F-11D3-BF4B-00C04F79EFBC}") = "CustomReports", "CustomReports\CustomReports.csproj", "{DFB2082E-F0D4-4223-B1E1-9E44E4922799}"
EndProject
Project("{FAE04EC0-301F-11D3-BF4B-00C04F79EFBC}") = "ReportUtility", "ReportUtility\ReportUtility.csproj", "{085D64B4-A9A9-40E2-91ED-D40387A2894C}"
EndProject
Global
	GlobalSection(SolutionConfigurationPlatforms) = preSolution
		Debug|Any CPU = Debug|Any CPU
		Release|Any CPU = Release|Any CPU
	EndGlobalSection
	GlobalSection(ProjectConfigurationPlatforms) = postSolution
		{1CB45F15-73C8-45DC-97D6-0FF6F6D858F5}.Debug|Any CPU.ActiveCfg = Debug|Any CPU
		{1CB45F15-73C8-45DC-97D6-0FF6F6D858F5}.Debug|Any CPU.Build.0 = Debug|Any CPU
		{1CB45F15-73C8-45DC-97D6-0FF6F6D858F5}.Release|Any CPU.ActiveCfg = Release|Any CPU
		{1CB45F15-73C8-45DC-97D6-0FF6F6D858F5}.Release|Any CPU.Build.0 = Release|Any CPU
		{94B78EF4-3C51-4225-84F3-30EE3ADD5FDB}.Debug|Any CPU.ActiveCfg = Debug|Any CPU
		{94B78EF4-3C51-4225-84F3-30EE3ADD5FDB}.Debug|Any CPU.Build.0 = Debug|Any CPU
		{94B78EF4-3C51-4225-84F3-30EE3ADD5FDB}.Release|Any CPU.ActiveCfg = Release|Any CPU
		{94B78EF4-3C51-4225-84F3-30EE3ADD5FDB}.Release|Any CPU.Build.0 = Release|Any CPU
		{D277A3C1-39E2-4611-8B90-ACE1E2CD2FC3}.Debug|Any CPU.ActiveCfg = Debug|Any CPU
		{D277A3C1-39E2-4611-8B90-ACE1E2CD2FC3}.Debug|Any CPU.Build.0 = Debug|Any CPU
		{D277A3C1-39E2-4611-8B90-ACE1E2CD2FC3}.Release|Any CPU.ActiveCfg = Release|Any CPU
		{D277A3C1-39E2-4611-8B90-ACE1E2CD2FC3}.Release|Any CPU.Build.0 = Release|Any CPU
		{D9597F84-A56A-45D5-A195-A045A8081CBB}.Debug|Any CPU.ActiveCfg = Debug|Any CPU
		{D9597F84-A56A-45D5-A195-A045A8081CBB}.Debug|Any CPU.Build.0 = Debug|Any CPU
		{D9597F84-A56A-45D5-A195-A045A8081CBB}.Release|Any CPU.ActiveCfg = Release|Any CPU
		{D9597F84-A56A-45D5-A195-A045A8081CBB}.Release|Any CPU.Build.0 = Release|Any CPU
		{269ABE80-08B2-47AB-884F-C28A420044E9}.Debug|Any CPU.ActiveCfg = Debug|Any CPU
		{269ABE80-08B2-47AB-884F-C28A420044E9}.Debug|Any CPU.Build.0 = Debug|Any CPU
		{269ABE80-08B2-47AB-884F-C28A420044E9}.Release|Any CPU.ActiveCfg = Release|Any CPU
		{269ABE80-08B2-47AB-884F-C28A420044E9}.Release|Any CPU.Build.0 = Release|Any CPU
		{DFB2082E-F0D4-4223-B1E1-9E44E4922799}.Debug|Any CPU.ActiveCfg = Debug|Any CPU
		{DFB2082E-F0D4-4223-B1E1-9E44E4922799}.Debug|Any CPU.Build.0 = Debug|Any CPU
		{DFB2082E-F0D4-4223-B1E1-9E44E4922799}.Release|Any CPU.ActiveCfg = Release|Any CPU
		{DFB2082E-F0D4-4223-B1E1-9E44E4922799}.Release|Any CPU.Build.0 = Release|Any CPU
		{085D64B4-A9A9-40E2-91ED-D40387A2894C}.Debug|Any CPU.ActiveCfg = Debug|Any CPU
		{085D64B4-A9A9-40E2-91ED-D40387A2894C}.Debug|Any CPU.Build.0 = Debug|Any CPU
		{085D64B4-A9A9-40E2-91ED-D40387A2894C}.Release|Any CPU.ActiveCfg = Release|Any CPU
		{085D64B4-A9A9-40E2-91ED-D40387A2894C}.Release|Any CPU.Build.0 = Release|Any CPU
	EndGlobalSection
	GlobalSection(SolutionProperties) = preSolution
		HideSolutionNode = FALSE
	EndGlobalSection
EndGlobal
